
Microsoft Visual Studio Solution File, Format Version 11.00
# Visual Studio 2010
Project("{8BC9CEB8-8B4A-11D0-8D11-00A0C91BC942}") = "Zadacha3KR", "Zadacha3KR\Zadacha3KR.vcxproj", "{2D846A94-3F0D-4164-A043-A967F039C378}"
EndProject
Global
	GlobalSection(SolutionConfigurationPlatforms) = preSolution
		Debug|Win32 = Debug|Win32
		Release|Win32 = Release|Win32
	EndGlobalSection
	GlobalSection(ProjectConfigurationPlatforms) = postSolution
		{2D846A94-3F0D-4164-A043-A967F039C378}.Debug|Win32.ActiveCfg = Debug|Win32
		{2D846A94-3F0D-4164-A043-A967F039C378}.Debug|Win32.Build.0 = Debug|Win32
		{2D846A94-3F0D-4164-A043-A967F039C378}.Release|Win32.ActiveCfg = Release|Win32
		{2D846A94-3F0D-4164-A043-A967F039C378}.Release|Win32.Build.0 = Release|Win32
	EndGlobalSection
	GlobalSection(SolutionProperties) = preSolution
		HideSolutionNode = FALSE
	EndGlobalSection
EndGlobal
