
Microsoft Visual Studio Solution File, Format Version 12.00
# Visual Studio 2013
VisualStudioVersion = 12.0.21005.1
MinimumVisualStudioVersion = 10.0.40219.1
Project("{FAE04EC0-301F-11D3-BF4B-00C04F79EFBC}") = "Zadacha1 ShablonSort", "Zadacha1 ShablonSort\Zadacha1 ShablonSort.csproj", "{7DE4EF03-EE13-4EF1-8D45-E2D72FB40B9C}"
EndProject
Project("{FAE04EC0-301F-11D3-BF4B-00C04F79EFBC}") = "ShablonSort.Test", "ShablonSort.Test\ShablonSort.Test.csproj", "{AD56391F-B1FA-4A49-9998-EDF05531375C}"
EndProject
Global
	GlobalSection(SolutionConfigurationPlatforms) = preSolution
		Debug|Any CPU = Debug|Any CPU
		Release|Any CPU = Release|Any CPU
	EndGlobalSection
	GlobalSection(ProjectConfigurationPlatforms) = postSolution
		{7DE4EF03-EE13-4EF1-8D45-E2D72FB40B9C}.Debug|Any CPU.ActiveCfg = Debug|Any CPU
		{7DE4EF03-EE13-4EF1-8D45-E2D72FB40B9C}.Debug|Any CPU.Build.0 = Debug|Any CPU
		{7DE4EF03-EE13-4EF1-8D45-E2D72FB40B9C}.Release|Any CPU.ActiveCfg = Release|Any CPU
		{7DE4EF03-EE13-4EF1-8D45-E2D72FB40B9C}.Release|Any CPU.Build.0 = Release|Any CPU
		{AD56391F-B1FA-4A49-9998-EDF05531375C}.Debug|Any CPU.ActiveCfg = Debug|Any CPU
		{AD56391F-B1FA-4A49-9998-EDF05531375C}.Debug|Any CPU.Build.0 = Debug|Any CPU
		{AD56391F-B1FA-4A49-9998-EDF05531375C}.Release|Any CPU.ActiveCfg = Release|Any CPU
		{AD56391F-B1FA-4A49-9998-EDF05531375C}.Release|Any CPU.Build.0 = Release|Any CPU
	EndGlobalSection
	GlobalSection(SolutionProperties) = preSolution
		HideSolutionNode = FALSE
	EndGlobalSection
EndGlobal
