
Microsoft Visual Studio Solution File, Format Version 12.00
# Visual Studio 2013
VisualStudioVersion = 12.0.21005.1
MinimumVisualStudioVersion = 10.0.40219.1
Project("{FAE04EC0-301F-11D3-BF4B-00C04F79EFBC}") = "Zadacha3 FoldOnFunctionWithValue", "Zadacha3 FoldOnFunctionWithValue\Zadacha3 FoldOnFunctionWithValue.csproj", "{C6E22987-297F-4CBD-AEBF-53CA20889636}"
EndProject
Project("{FAE04EC0-301F-11D3-BF4B-00C04F79EFBC}") = "Zadacha3 FoldOnFunctionWithValue.Test", "Zadacha3 Fold.Test\Zadacha3 FoldOnFunctionWithValue.Test.csproj", "{74F9C720-2F82-4C28-816B-4012EFD4BEDF}"
EndProject
Global
	GlobalSection(SolutionConfigurationPlatforms) = preSolution
		Debug|Any CPU = Debug|Any CPU
		Release|Any CPU = Release|Any CPU
	EndGlobalSection
	GlobalSection(ProjectConfigurationPlatforms) = postSolution
		{C6E22987-297F-4CBD-AEBF-53CA20889636}.Debug|Any CPU.ActiveCfg = Debug|Any CPU
		{C6E22987-297F-4CBD-AEBF-53CA20889636}.Debug|Any CPU.Build.0 = Debug|Any CPU
		{C6E22987-297F-4CBD-AEBF-53CA20889636}.Release|Any CPU.ActiveCfg = Release|Any CPU
		{C6E22987-297F-4CBD-AEBF-53CA20889636}.Release|Any CPU.Build.0 = Release|Any CPU
		{74F9C720-2F82-4C28-816B-4012EFD4BEDF}.Debug|Any CPU.ActiveCfg = Debug|Any CPU
		{74F9C720-2F82-4C28-816B-4012EFD4BEDF}.Debug|Any CPU.Build.0 = Debug|Any CPU
		{74F9C720-2F82-4C28-816B-4012EFD4BEDF}.Release|Any CPU.ActiveCfg = Release|Any CPU
		{74F9C720-2F82-4C28-816B-4012EFD4BEDF}.Release|Any CPU.Build.0 = Release|Any CPU
	EndGlobalSection
	GlobalSection(SolutionProperties) = preSolution
		HideSolutionNode = FALSE
	EndGlobalSection
EndGlobal
