
Microsoft Visual Studio Solution File, Format Version 12.00
# Visual Studio 2013
VisualStudioVersion = 12.0.21005.1
MinimumVisualStudioVersion = 10.0.40219.1
Project("{F2A71F9B-5D33-465A-A702-920D77279786}") = "Task2 BinaryTreeWIthFunc", "Task2 BinaryTreeWIthFunc\Task2 BinaryTreeWIthFunc.fsproj", "{31F0EB17-6528-44C7-B585-AB1C5616D3FB}"
EndProject
Global
	GlobalSection(SolutionConfigurationPlatforms) = preSolution
		Debug|Any CPU = Debug|Any CPU
		Release|Any CPU = Release|Any CPU
	EndGlobalSection
	GlobalSection(ProjectConfigurationPlatforms) = postSolution
		{31F0EB17-6528-44C7-B585-AB1C5616D3FB}.Debug|Any CPU.ActiveCfg = Debug|Any CPU
		{31F0EB17-6528-44C7-B585-AB1C5616D3FB}.Debug|Any CPU.Build.0 = Debug|Any CPU
		{31F0EB17-6528-44C7-B585-AB1C5616D3FB}.Release|Any CPU.ActiveCfg = Release|Any CPU
		{31F0EB17-6528-44C7-B585-AB1C5616D3FB}.Release|Any CPU.Build.0 = Release|Any CPU
	EndGlobalSection
	GlobalSection(SolutionProperties) = preSolution
		HideSolutionNode = FALSE
	EndGlobalSection
EndGlobal
