
Microsoft Visual Studio Solution File, Format Version 12.00
# Visual Studio 2013
VisualStudioVersion = 12.0.21005.1
MinimumVisualStudioVersion = 10.0.40219.1
Project("{FAE04EC0-301F-11D3-BF4B-00C04F79EFBC}") = "Tic-Tac-Toe Silverlight", "Tic-Tac-Toe Silverlight\Tic-Tac-Toe Silverlight.csproj", "{2612D076-8FAC-439B-B482-DF4ED4544F67}"
EndProject
Project("{FAE04EC0-301F-11D3-BF4B-00C04F79EFBC}") = "Tic-Tac-Toe Silverlight.Web", "Tic-Tac-Toe Silverlight.Web\Tic-Tac-Toe Silverlight.Web.csproj", "{A22F5E5D-D179-4DE3-8A04-AD9154DDC899}"
EndProject
Global
	GlobalSection(SolutionConfigurationPlatforms) = preSolution
		Debug|Any CPU = Debug|Any CPU
		Release|Any CPU = Release|Any CPU
	EndGlobalSection
	GlobalSection(ProjectConfigurationPlatforms) = postSolution
		{2612D076-8FAC-439B-B482-DF4ED4544F67}.Debug|Any CPU.ActiveCfg = Debug|Any CPU
		{2612D076-8FAC-439B-B482-DF4ED4544F67}.Debug|Any CPU.Build.0 = Debug|Any CPU
		{2612D076-8FAC-439B-B482-DF4ED4544F67}.Release|Any CPU.ActiveCfg = Release|Any CPU
		{2612D076-8FAC-439B-B482-DF4ED4544F67}.Release|Any CPU.Build.0 = Release|Any CPU
		{A22F5E5D-D179-4DE3-8A04-AD9154DDC899}.Debug|Any CPU.ActiveCfg = Debug|Any CPU
		{A22F5E5D-D179-4DE3-8A04-AD9154DDC899}.Debug|Any CPU.Build.0 = Debug|Any CPU
		{A22F5E5D-D179-4DE3-8A04-AD9154DDC899}.Release|Any CPU.ActiveCfg = Release|Any CPU
		{A22F5E5D-D179-4DE3-8A04-AD9154DDC899}.Release|Any CPU.Build.0 = Release|Any CPU
	EndGlobalSection
	GlobalSection(SolutionProperties) = preSolution
		HideSolutionNode = FALSE
	EndGlobalSection
EndGlobal
