
Microsoft Visual Studio Solution File, Format Version 12.00
# Visual Studio 2013
VisualStudioVersion = 12.0.21005.1
MinimumVisualStudioVersion = 10.0.40219.1
Project("{FAE04EC0-301F-11D3-BF4B-00C04F79EFBC}") = "Zadacha1 ConversionList", "Zadacha1 ConversionList\Zadacha1 ConversionList.csproj", "{558B11D7-DAA9-4C20-BD02-E6A7A734F4F6}"
EndProject
Project("{FAE04EC0-301F-11D3-BF4B-00C04F79EFBC}") = "Zadacha1 ConversionList.Test", "Zadacha1 ConversionList.Test\Zadacha1 ConversionList.Test.csproj", "{CEE46579-2C91-4BA7-A29B-D8CCECF715A0}"
EndProject
Global
	GlobalSection(SolutionConfigurationPlatforms) = preSolution
		Debug|Any CPU = Debug|Any CPU
		Release|Any CPU = Release|Any CPU
	EndGlobalSection
	GlobalSection(ProjectConfigurationPlatforms) = postSolution
		{558B11D7-DAA9-4C20-BD02-E6A7A734F4F6}.Debug|Any CPU.ActiveCfg = Debug|Any CPU
		{558B11D7-DAA9-4C20-BD02-E6A7A734F4F6}.Debug|Any CPU.Build.0 = Debug|Any CPU
		{558B11D7-DAA9-4C20-BD02-E6A7A734F4F6}.Release|Any CPU.ActiveCfg = Release|Any CPU
		{558B11D7-DAA9-4C20-BD02-E6A7A734F4F6}.Release|Any CPU.Build.0 = Release|Any CPU
		{CEE46579-2C91-4BA7-A29B-D8CCECF715A0}.Debug|Any CPU.ActiveCfg = Debug|Any CPU
		{CEE46579-2C91-4BA7-A29B-D8CCECF715A0}.Debug|Any CPU.Build.0 = Debug|Any CPU
		{CEE46579-2C91-4BA7-A29B-D8CCECF715A0}.Release|Any CPU.ActiveCfg = Release|Any CPU
		{CEE46579-2C91-4BA7-A29B-D8CCECF715A0}.Release|Any CPU.Build.0 = Release|Any CPU
	EndGlobalSection
	GlobalSection(SolutionProperties) = preSolution
		HideSolutionNode = FALSE
	EndGlobalSection
EndGlobal
