
Microsoft Visual Studio Solution File, Format Version 12.00
# Visual Studio 2013
VisualStudioVersion = 12.0.21005.1
MinimumVisualStudioVersion = 10.0.40219.1
Project("{FAE04EC0-301F-11D3-BF4B-00C04F79EFBC}") = "Robots", "Robots\Robots.csproj", "{7577BFF4-3590-4E50-9A17-2C0FB2AC6945}"
EndProject
Project("{FAE04EC0-301F-11D3-BF4B-00C04F79EFBC}") = "Robots Test", "Robots Test\Robots Test.csproj", "{64205318-F673-4708-8864-34A9B6C9359A}"
EndProject
Global
	GlobalSection(SolutionConfigurationPlatforms) = preSolution
		Debug|Any CPU = Debug|Any CPU
		Release|Any CPU = Release|Any CPU
	EndGlobalSection
	GlobalSection(ProjectConfigurationPlatforms) = postSolution
		{7577BFF4-3590-4E50-9A17-2C0FB2AC6945}.Debug|Any CPU.ActiveCfg = Debug|Any CPU
		{7577BFF4-3590-4E50-9A17-2C0FB2AC6945}.Debug|Any CPU.Build.0 = Debug|Any CPU
		{7577BFF4-3590-4E50-9A17-2C0FB2AC6945}.Release|Any CPU.ActiveCfg = Release|Any CPU
		{7577BFF4-3590-4E50-9A17-2C0FB2AC6945}.Release|Any CPU.Build.0 = Release|Any CPU
		{64205318-F673-4708-8864-34A9B6C9359A}.Debug|Any CPU.ActiveCfg = Debug|Any CPU
		{64205318-F673-4708-8864-34A9B6C9359A}.Debug|Any CPU.Build.0 = Debug|Any CPU
		{64205318-F673-4708-8864-34A9B6C9359A}.Release|Any CPU.ActiveCfg = Release|Any CPU
		{64205318-F673-4708-8864-34A9B6C9359A}.Release|Any CPU.Build.0 = Release|Any CPU
	EndGlobalSection
	GlobalSection(SolutionProperties) = preSolution
		HideSolutionNode = FALSE
	EndGlobalSection
EndGlobal
